
Microsoft Visual Studio Solution File, Format Version 12.00
# Visual Studio Version 17
VisualStudioVersion = 17.9.34701.34
MinimumVisualStudioVersion = 10.0.40219.1
Project("{FAE04EC0-301F-11D3-BF4B-00C04F79EFBC}") = "Unidad3", "Unidad3\Unidad3.csproj", "{B8E0F6F0-3EB6-4957-AE02-AB91625513E2}"
EndProject
Global
	GlobalSection(SolutionConfigurationPlatforms) = preSolution
		Debug|Any CPU = Debug|Any CPU
		Release|Any CPU = Release|Any CPU
	EndGlobalSection
	GlobalSection(ProjectConfigurationPlatforms) = postSolution
		{B8E0F6F0-3EB6-4957-AE02-AB91625513E2}.Debug|Any CPU.ActiveCfg = Debug|Any CPU
		{B8E0F6F0-3EB6-4957-AE02-AB91625513E2}.Debug|Any CPU.Build.0 = Debug|Any CPU
		{B8E0F6F0-3EB6-4957-AE02-AB91625513E2}.Release|Any CPU.ActiveCfg = Release|Any CPU
		{B8E0F6F0-3EB6-4957-AE02-AB91625513E2}.Release|Any CPU.Build.0 = Release|Any CPU
	EndGlobalSection
	GlobalSection(SolutionProperties) = preSolution
		HideSolutionNode = FALSE
	EndGlobalSection
	GlobalSection(ExtensibilityGlobals) = postSolution
		SolutionGuid = {C2DC8213-4ED4-425E-9FC2-0A253640656B}
	EndGlobalSection
EndGlobal
